
Microsoft Visual Studio Solution File, Format Version 12.00
# Visual Studio Version 16
VisualStudioVersion = 16.0.34114.132
MinimumVisualStudioVersion = 10.0.40219.1
Project("{FAE04EC0-301F-11D3-BF4B-00C04F79EFBC}") = "System", "System\System.csproj", "{B8C36CDF-0953-4CF9-95CF-219B02447088}"
EndProject
Global
	GlobalSection(SolutionConfigurationPlatforms) = preSolution
		Debug|Any CPU = Debug|Any CPU
		Release|Any CPU = Release|Any CPU
	EndGlobalSection
	GlobalSection(ProjectConfigurationPlatforms) = postSolution
		{B8C36CDF-0953-4CF9-95CF-219B02447088}.Debug|Any CPU.ActiveCfg = Debug|Any CPU
		{B8C36CDF-0953-4CF9-95CF-219B02447088}.Debug|Any CPU.Build.0 = Debug|Any CPU
		{B8C36CDF-0953-4CF9-95CF-219B02447088}.Release|Any CPU.ActiveCfg = Release|Any CPU
		{B8C36CDF-0953-4CF9-95CF-219B02447088}.Release|Any CPU.Build.0 = Release|Any CPU
	EndGlobalSection
	GlobalSection(SolutionProperties) = preSolution
		HideSolutionNode = FALSE
	EndGlobalSection
	GlobalSection(ExtensibilityGlobals) = postSolution
		SolutionGuid = {15E0187A-328F-4CA2-8955-32BB33646B18}
	EndGlobalSection
EndGlobal
